# This file is automatically @generated by Cargo.
# It is not intended for manual editing.
version = 4

[[package]]
name = "agentdesk-bench"
version = "0.1.0"
dependencies = [
 "agentdesk-core",
 "agentdesk-model",
 "agentdesk-sim",
]

[[package]]
name = "agentdesk-core"
version = "0.1.0"
dependencies = [
 "agentdesk-model",
]

[[package]]
name = "agentdesk-model"
version = "0.1.0"

[[package]]
name = "agentdesk-server"
version = "0.1.0"
dependencies = [
 "agentdesk-core",
 "agentdesk-model",
 "agentdesk-sim",
]

[[package]]
name = "agentdesk-sim"
version = "0.1.0"
dependencies = [
 "agentdesk-core",
 "agentdesk-model",
]
